
Microsoft Visual Studio Solution File, Format Version 12.00
Project("{FAE04EC0-301F-11D3-BF4B-00C04F79EFBC}") = "TekDeq.Localization.Core", "TekDeq.Localization.Core\TekDeq.Localization.Core.csproj", "{35E1DD89-A6CF-4553-8DD1-027EA0C08EA3}"
EndProject
Project("{FAE04EC0-301F-11D3-BF4B-00C04F79EFBC}") = "TekDeq.Localization.DependencyInjection", "TekDeq.Localization.DependencyInjection\TekDeq.Localization.DependencyInjection.csproj", "{406EDC4F-4103-47C7-A870-E0F5A76BB931}"
EndProject
Project("{FAE04EC0-301F-11D3-BF4B-00C04F79EFBC}") = "TekDeq.Localization.Avalonia", "TekDeq.Localization.Avalonia\TekDeq.Localization.Avalonia.csproj", "{A72B18E3-6C53-49C4-B07E-8761B0AEF005}"
EndProject
Project("{FAE04EC0-301F-11D3-BF4B-00C04F79EFBC}") = "TeqDeq.Avalonia.Sample", "Samples\TeqDeq.Avalonia.Sample\TeqDeq.Avalonia.Sample.csproj", "{6EB13A7A-A572-4CFB-AFE9-9407654246A7}"
EndProject
Project("{2150E333-8FDC-42A3-9474-1A3956D46DE8}") = "Packages", "Packages", "{B192E09A-8F30-4AD5-AA7A-EE4ABC45CBC7}"
EndProject
Project("{2150E333-8FDC-42A3-9474-1A3956D46DE8}") = "Example", "Example", "{CDC56CFE-848B-44AD-98B8-7637578D3F47}"
EndProject
Global
	GlobalSection(SolutionConfigurationPlatforms) = preSolution
		Debug|Any CPU = Debug|Any CPU
		Release|Any CPU = Release|Any CPU
	EndGlobalSection
	GlobalSection(ProjectConfigurationPlatforms) = postSolution
		{35E1DD89-A6CF-4553-8DD1-027EA0C08EA3}.Debug|Any CPU.ActiveCfg = Debug|Any CPU
		{35E1DD89-A6CF-4553-8DD1-027EA0C08EA3}.Debug|Any CPU.Build.0 = Debug|Any CPU
		{35E1DD89-A6CF-4553-8DD1-027EA0C08EA3}.Release|Any CPU.ActiveCfg = Release|Any CPU
		{35E1DD89-A6CF-4553-8DD1-027EA0C08EA3}.Release|Any CPU.Build.0 = Release|Any CPU
		{406EDC4F-4103-47C7-A870-E0F5A76BB931}.Debug|Any CPU.ActiveCfg = Debug|Any CPU
		{406EDC4F-4103-47C7-A870-E0F5A76BB931}.Debug|Any CPU.Build.0 = Debug|Any CPU
		{406EDC4F-4103-47C7-A870-E0F5A76BB931}.Release|Any CPU.ActiveCfg = Release|Any CPU
		{406EDC4F-4103-47C7-A870-E0F5A76BB931}.Release|Any CPU.Build.0 = Release|Any CPU
		{A72B18E3-6C53-49C4-B07E-8761B0AEF005}.Debug|Any CPU.ActiveCfg = Debug|Any CPU
		{A72B18E3-6C53-49C4-B07E-8761B0AEF005}.Debug|Any CPU.Build.0 = Debug|Any CPU
		{A72B18E3-6C53-49C4-B07E-8761B0AEF005}.Release|Any CPU.ActiveCfg = Release|Any CPU
		{A72B18E3-6C53-49C4-B07E-8761B0AEF005}.Release|Any CPU.Build.0 = Release|Any CPU
		{6EB13A7A-A572-4CFB-AFE9-9407654246A7}.Debug|Any CPU.ActiveCfg = Debug|Any CPU
		{6EB13A7A-A572-4CFB-AFE9-9407654246A7}.Debug|Any CPU.Build.0 = Debug|Any CPU
		{6EB13A7A-A572-4CFB-AFE9-9407654246A7}.Release|Any CPU.ActiveCfg = Release|Any CPU
		{6EB13A7A-A572-4CFB-AFE9-9407654246A7}.Release|Any CPU.Build.0 = Release|Any CPU
	EndGlobalSection
	GlobalSection(NestedProjects) = preSolution
		{35E1DD89-A6CF-4553-8DD1-027EA0C08EA3} = {B192E09A-8F30-4AD5-AA7A-EE4ABC45CBC7}
		{A72B18E3-6C53-49C4-B07E-8761B0AEF005} = {B192E09A-8F30-4AD5-AA7A-EE4ABC45CBC7}
		{406EDC4F-4103-47C7-A870-E0F5A76BB931} = {B192E09A-8F30-4AD5-AA7A-EE4ABC45CBC7}
		{6EB13A7A-A572-4CFB-AFE9-9407654246A7} = {CDC56CFE-848B-44AD-98B8-7637578D3F47}
	EndGlobalSection
EndGlobal
